{
  "name": "nextjs",
  "version": "0.1.0",
  "lockfileVersion": 2,
  "requires": true,
  "packages": {
    "": {
      "name": "nextjs",
      "version": "0.1.0",
      "dependencies": {
        "@emotion/react": "^11.10.5",
        "@emotion/styled": "^11.10.5",
        "@mui/icons-material": "^5.11.0",
        "@mui/material": "^5.11.6",
        "@next/font": "13.1.5",
        "@stripe/react-stripe-js": "^1.16.4",
        "@stripe/stripe-js": "^1.46.0",
        "axios": "^1.3.3",
        "cors": "^2.8.5",
        "eslint": "8.32.0",
        "eslint-config-next": "13.1.5",
        "file-loader": "^6.2.0",
        "gsap": "^3.11.4",
        "howler": "^2.2.3",
        "lodash": "^4.17.21",
        "next": "13.1.5",
        "react": "18.2.0",
        "react-dom": "18.2.0",
        "react-icons": "^4.7.1",
        "react-reveal": "^2.5.0",
        "react-indiana-drag-scroll": "^3.0.3-alpha",
        "react-lottie": "^1.2.3",
        "stripe": "^11.10.0",
        "url-loader": "^4.1.1"
      },
      "devDependencies": {
        "autoprefixer": "^10.4.13",
        "postcss": "^8.4.21",
        "tailwindcss": "^3.2.4"
      }
    }
  },
  "dependencies": {
    "@emotion/react": {
      "version": "11.10.5",
      "resolved": "https://registry.npmjs.org/@emotion/react/-/react-11.10.5.tgz",
      "integrity": "sha512-..."
    },
    "@emotion/styled": {
      "version": "11.10.5",
      "resolved": "https://registry.npmjs.org/@emotion/styled/-/styled-11.10.5.tgz",
      "integrity": "sha512-..."
    },
    "@mui/icons-material": {
      "version": "5.11.0",
      "resolved": "https://registry.npmjs.org/@mui/icons-material/-/icons-material-5.11.0.tgz",
      "integrity": "sha512-..."
    },
    "@mui/material": {
      "version": "5.11.6",
      "resolved": "https://registry.npmjs.org/@mui/material/-/material-5.11.6.tgz",
      "integrity": "sha512-..."
    },
    "@next/font": {
      "version": "13.1.5",
      "resolved": "https://registry.npmjs.org/@next/font/-/font-13.1.5.tgz",
      "integrity": "sha512-..."
    },
    "@stripe/react-stripe-js": {
      "version": "1.16.4",
      "resolved": "https://registry.npmjs.org/@stripe/react-stripe-js/-/react-stripe-js-1.16.4.tgz",
      "integrity": "sha512-..."
    },
    "@stripe/stripe-js": {
      "version": "1.46.0",
      "resolved": "https://registry.npmjs.org/@stripe/stripe-js/-/stripe-js-1.46.0.tgz",
      "integrity": "sha512-..."
    },
    "axios": {
      "version": "1.3.3",
      "resolved": "https://registry.npmjs.org/axios/-/axios-1.3.3.tgz",
      "integrity": "sha512-..."
    },
    "cors": {
      "version": "2.8.5",
      "resolved": "https://registry.npmjs.org/cors/-/cors-2.8.5.tgz",
      "integrity": "sha512-..."
    },
    "eslint": {
      "version": "8.32.0",
      "resolved": "https://registry.npmjs.org/eslint/-/eslint-8.32.0.tgz",
      "integrity": "sha512-..."
    },
    "eslint-config-next": {
      "version": "13.1.5",
      "resolved": "https://registry.npmjs.org/eslint-config-next/-/eslint-config-next-13.1.5.tgz",
      "integrity": "sha512-..."
    },
    "file-loader": {
      "version": "6.2.0",
      "resolved": "https://registry.npmjs.org/file-loader/-/file-loader-6.2.0.tgz",
      "integrity": "sha512-..."
    },
    "gsap": {
      "version": "3.11.4",
      "resolved": "https://registry.npmjs.org/gsap/-/gsap-3.11.4.tgz",
      "integrity": "sha512-..."
    },
    "howler": {
      "version": "2.2.3",
      "resolved": "https://registry.npmjs.org/howler/-/howler-2.2.3.tgz",
      "integrity": "sha512-..."
    },
    "lodash": {
      "version": "4.17.21",
      "resolved": "https://registry.npmjs.org/lodash/-/lodash-4.17.21.tgz",
      "integrity": "sha512-..."
    },
    "next": {
      "version": "13.1.5",
      "resolved": "https://registry.npmjs.org/next/-/next-13.1.5.tgz",
      "integrity": "sha512-..."
    },
    "react": {
      "version": "18.2.0",
      "resolved": "https://registry.npmjs.org/react/-/react-18.2.0.tgz",
      "integrity": "sha512-..."
    },
    "react-dom": {
      "version": "18.2.0",
      "resolved": "https://registry.npmjs.org/react-dom/-/react-dom-18.2.0.tgz",
      "integrity": "sha512-..."
    },
    "react-icons": {
      "version": "4.7.1",
      "resolved": "https://registry.npmjs.org/react-icons/-/react-icons-4.7.1.tgz",
      "integrity": "sha512-..."
    },
    "react-reveal": {
      "version": "2.5.0",
      "resolved": "https://registry.npmjs.org/react-reveal/-/react-reveal-2.5.0.tgz",
      "integrity": "sha512-..."
    },
    "react-indiana-drag-scroll": {
      "version": "3.0.3-alpha",
      "resolved": "https://registry.npmjs.org/react-indiana-drag-scroll/-/react-indiana-drag-scroll-3.0.3-alpha.tgz",
      "integrity": "sha512-..."
    },
    "react-lottie": {
      "version": "1.2.3",
      "resolved": "https://registry.npmjs.org/react-lottie/-/react-lottie-1.2.3.tgz",
      "integrity": "sha512-..."
    },
    "stripe": {
      "version": "11.10.0",
      "resolved": "https://registry.npmjs.org/stripe/-/stripe-11.10.0.tgz",
      "integrity": "sha512-..."
    },
    "url-loader": {
      "version": "4.1.1",
      "resolved": "https://registry.npmjs.org/url-loader/-/url-loader-4.1.1.tgz",
      "integrity": "sha512-..."
    },
    "autoprefixer": {
      "version": "10.4.13",
      "resolved": "https://registry.npmjs.org/autoprefixer/-/autoprefixer-10.4.13.tgz",
      "integrity": "sha512-..."
    },
    "postcss": {
      "version": "8.4.21",
      "resolved": "https://registry.npmjs.org/postcss/-/postcss-8.4.21.tgz",
      "integrity": "sha512-..."
    },
    "tailwindcss": {
      "version": "3.2.4",
      "resolved": "https://registry.npmjs.org/tailwindcss/-/tailwindcss-3.2.4.tgz",
      "integrity": "sha512-..."
    }
  }
}
